
Microsoft Visual Studio Solution File, Format Version 12.00
# Visual Studio Version 17
VisualStudioVersion = 17.3.32929.385
MinimumVisualStudioVersion = 10.0.40219.1
Project("{FAE04EC0-301F-11D3-BF4B-00C04F79EFBC}") = "Test1", "Test1\Test1.csproj", "{F5315911-2255-4F81-90DF-E8CB394FD91D}"
EndProject
Global
	GlobalSection(SolutionConfigurationPlatforms) = preSolution
		Debug|Any CPU = Debug|Any CPU
		Release|Any CPU = Release|Any CPU
	EndGlobalSection
	GlobalSection(ProjectConfigurationPlatforms) = postSolution
		{F5315911-2255-4F81-90DF-E8CB394FD91D}.Debug|Any CPU.ActiveCfg = Debug|Any CPU
		{F5315911-2255-4F81-90DF-E8CB394FD91D}.Debug|Any CPU.Build.0 = Debug|Any CPU
		{F5315911-2255-4F81-90DF-E8CB394FD91D}.Release|Any CPU.ActiveCfg = Release|Any CPU
		{F5315911-2255-4F81-90DF-E8CB394FD91D}.Release|Any CPU.Build.0 = Release|Any CPU
	EndGlobalSection
	GlobalSection(SolutionProperties) = preSolution
		HideSolutionNode = FALSE
	EndGlobalSection
	GlobalSection(ExtensibilityGlobals) = postSolution
		SolutionGuid = {A44B60A1-74C3-4BB2-8D95-7DD5393FDC31}
	EndGlobalSection
EndGlobal
